
Microsoft Visual Studio Solution File, Format Version 12.00
# Visual Studio 14
VisualStudioVersion = 14.0.25420.1
MinimumVisualStudioVersion = 10.0.40219.1
Project("{FAE04EC0-301F-11D3-BF4B-00C04F79EFBC}") = "EmployeesLib", "EmployeesLib\EmployeesLib.csproj", "{D2C866E4-5CEB-488E-8180-CBBE9CA68A05}"
EndProject
Project("{FAE04EC0-301F-11D3-BF4B-00C04F79EFBC}") = "EmployeeApp", "EmployeeApp\EmployeeApp.csproj", "{536654C9-1494-4061-A582-72A62AF9D772}"
EndProject
Project("{FAE04EC0-301F-11D3-BF4B-00C04F79EFBC}") = "UnitTestEmp", "UnitTestEmp\UnitTestEmp.csproj", "{46681E44-4366-482F-A589-62E2D3BE8AC9}"
EndProject
Global
	GlobalSection(SolutionConfigurationPlatforms) = preSolution
		Debug|Any CPU = Debug|Any CPU
		Release|Any CPU = Release|Any CPU
	EndGlobalSection
	GlobalSection(ProjectConfigurationPlatforms) = postSolution
		{D2C866E4-5CEB-488E-8180-CBBE9CA68A05}.Debug|Any CPU.ActiveCfg = Debug|Any CPU
		{D2C866E4-5CEB-488E-8180-CBBE9CA68A05}.Debug|Any CPU.Build.0 = Debug|Any CPU
		{D2C866E4-5CEB-488E-8180-CBBE9CA68A05}.Release|Any CPU.ActiveCfg = Release|Any CPU
		{D2C866E4-5CEB-488E-8180-CBBE9CA68A05}.Release|Any CPU.Build.0 = Release|Any CPU
		{536654C9-1494-4061-A582-72A62AF9D772}.Debug|Any CPU.ActiveCfg = Debug|Any CPU
		{536654C9-1494-4061-A582-72A62AF9D772}.Debug|Any CPU.Build.0 = Debug|Any CPU
		{536654C9-1494-4061-A582-72A62AF9D772}.Release|Any CPU.ActiveCfg = Release|Any CPU
		{536654C9-1494-4061-A582-72A62AF9D772}.Release|Any CPU.Build.0 = Release|Any CPU
		{46681E44-4366-482F-A589-62E2D3BE8AC9}.Debug|Any CPU.ActiveCfg = Debug|Any CPU
		{46681E44-4366-482F-A589-62E2D3BE8AC9}.Debug|Any CPU.Build.0 = Debug|Any CPU
		{46681E44-4366-482F-A589-62E2D3BE8AC9}.Release|Any CPU.ActiveCfg = Release|Any CPU
		{46681E44-4366-482F-A589-62E2D3BE8AC9}.Release|Any CPU.Build.0 = Release|Any CPU
	EndGlobalSection
	GlobalSection(SolutionProperties) = preSolution
		HideSolutionNode = FALSE
	EndGlobalSection
EndGlobal
